
Microsoft Visual Studio Solution File, Format Version 12.00
# Visual Studio Version 16
VisualStudioVersion = 16.0.29215.179
MinimumVisualStudioVersion = 10.0.40219.1
Project("{FAE04EC0-301F-11D3-BF4B-00C04F79EFBC}") = "Prog2370LiamDowlingAssignment3", "Prog2370LiamDowlingAssignment3\Prog2370LiamDowlingAssignment3.csproj", "{50897762-2EF8-4BE1-9B25-5A41D1629F1D}"
EndProject
Global
	GlobalSection(SolutionConfigurationPlatforms) = preSolution
		Debug|Any CPU = Debug|Any CPU
		Release|Any CPU = Release|Any CPU
	EndGlobalSection
	GlobalSection(ProjectConfigurationPlatforms) = postSolution
		{50897762-2EF8-4BE1-9B25-5A41D1629F1D}.Debug|Any CPU.ActiveCfg = Debug|Any CPU
		{50897762-2EF8-4BE1-9B25-5A41D1629F1D}.Debug|Any CPU.Build.0 = Debug|Any CPU
		{50897762-2EF8-4BE1-9B25-5A41D1629F1D}.Release|Any CPU.ActiveCfg = Release|Any CPU
		{50897762-2EF8-4BE1-9B25-5A41D1629F1D}.Release|Any CPU.Build.0 = Release|Any CPU
	EndGlobalSection
	GlobalSection(SolutionProperties) = preSolution
		HideSolutionNode = FALSE
	EndGlobalSection
	GlobalSection(ExtensibilityGlobals) = postSolution
		SolutionGuid = {8BBF6B6F-AFDF-4380-B714-C666CBC08A09}
	EndGlobalSection
EndGlobal
